
Microsoft Visual Studio Solution File, Format Version 12.00
# Visual Studio Version 17
VisualStudioVersion = 17.3.32929.385
MinimumVisualStudioVersion = 10.0.40219.1
Project("{FAE04EC0-301F-11D3-BF4B-00C04F79EFBC}") = "Json_Models_1", "Json_Models_1\Json_Models_1.csproj", "{7EC78568-A881-4C2E-84AA-2E9F2BF4DB69}"
EndProject
Project("{FAE04EC0-301F-11D3-BF4B-00C04F79EFBC}") = "Json_Models_2", "Json_Models_2\Json_Models_2.csproj", "{AC6B7A98-A1A2-4C11-A612-14C9B5223408}"
EndProject
Project("{FAE04EC0-301F-11D3-BF4B-00C04F79EFBC}") = "Json_Models_3", "Json_Models_3\Json_Models_3.csproj", "{2C0750CC-6523-4475-9438-2EA263CAD687}"
EndProject
Global
	GlobalSection(SolutionConfigurationPlatforms) = preSolution
		Debug|Any CPU = Debug|Any CPU
		Release|Any CPU = Release|Any CPU
	EndGlobalSection
	GlobalSection(ProjectConfigurationPlatforms) = postSolution
		{7EC78568-A881-4C2E-84AA-2E9F2BF4DB69}.Debug|Any CPU.ActiveCfg = Debug|Any CPU
		{7EC78568-A881-4C2E-84AA-2E9F2BF4DB69}.Debug|Any CPU.Build.0 = Debug|Any CPU
		{7EC78568-A881-4C2E-84AA-2E9F2BF4DB69}.Release|Any CPU.ActiveCfg = Release|Any CPU
		{7EC78568-A881-4C2E-84AA-2E9F2BF4DB69}.Release|Any CPU.Build.0 = Release|Any CPU
		{AC6B7A98-A1A2-4C11-A612-14C9B5223408}.Debug|Any CPU.ActiveCfg = Debug|Any CPU
		{AC6B7A98-A1A2-4C11-A612-14C9B5223408}.Debug|Any CPU.Build.0 = Debug|Any CPU
		{AC6B7A98-A1A2-4C11-A612-14C9B5223408}.Release|Any CPU.ActiveCfg = Release|Any CPU
		{AC6B7A98-A1A2-4C11-A612-14C9B5223408}.Release|Any CPU.Build.0 = Release|Any CPU
		{2C0750CC-6523-4475-9438-2EA263CAD687}.Debug|Any CPU.ActiveCfg = Debug|Any CPU
		{2C0750CC-6523-4475-9438-2EA263CAD687}.Debug|Any CPU.Build.0 = Debug|Any CPU
		{2C0750CC-6523-4475-9438-2EA263CAD687}.Release|Any CPU.ActiveCfg = Release|Any CPU
		{2C0750CC-6523-4475-9438-2EA263CAD687}.Release|Any CPU.Build.0 = Release|Any CPU
	EndGlobalSection
	GlobalSection(SolutionProperties) = preSolution
		HideSolutionNode = FALSE
	EndGlobalSection
	GlobalSection(ExtensibilityGlobals) = postSolution
		SolutionGuid = {AF13973E-B086-4959-8122-AC08D3EEC63B}
	EndGlobalSection
EndGlobal
